
Microsoft Visual Studio Solution File, Format Version 12.00
# Visual Studio Version 16
VisualStudioVersion = 16.0.28803.352
MinimumVisualStudioVersion = 10.0.40219.1
Project("{FAE04EC0-301F-11D3-BF4B-00C04F79EFBC}") = "ConsoleApp1", "ConsoleApp1\ConsoleApp1.csproj", "{B7039855-D858-4DF0-B6C7-5A4FC2C2C363}"
EndProject
Global
	GlobalSection(SolutionConfigurationPlatforms) = preSolution
		Debug|Any CPU = Debug|Any CPU
		Release|Any CPU = Release|Any CPU
	EndGlobalSection
	GlobalSection(ProjectConfigurationPlatforms) = postSolution
		{B7039855-D858-4DF0-B6C7-5A4FC2C2C363}.Debug|Any CPU.ActiveCfg = Debug|Any CPU
		{B7039855-D858-4DF0-B6C7-5A4FC2C2C363}.Debug|Any CPU.Build.0 = Debug|Any CPU
		{B7039855-D858-4DF0-B6C7-5A4FC2C2C363}.Release|Any CPU.ActiveCfg = Release|Any CPU
		{B7039855-D858-4DF0-B6C7-5A4FC2C2C363}.Release|Any CPU.Build.0 = Release|Any CPU
	EndGlobalSection
	GlobalSection(SolutionProperties) = preSolution
		HideSolutionNode = FALSE
	EndGlobalSection
	GlobalSection(ExtensibilityGlobals) = postSolution
		SolutionGuid = {2A1448D0-F30B-4202-8446-3267B9F958F3}
	EndGlobalSection
EndGlobal
